
Microsoft Visual Studio Solution File, Format Version 12.00
# Visual Studio Version 17
VisualStudioVersion = 17.11.35219.272
MinimumVisualStudioVersion = 10.0.40219.1
Project("{9A19103F-16F7-4668-BE54-9A1E7A4F7556}") = "IdiotBot", "IdiotBot\IdiotBot.csproj", "{44CCF2F2-3620-422A-8BDA-8C95B7E29156}"
EndProject
Global
	GlobalSection(SolutionConfigurationPlatforms) = preSolution
		Debug|Any CPU = Debug|Any CPU
		Release|Any CPU = Release|Any CPU
	EndGlobalSection
	GlobalSection(ProjectConfigurationPlatforms) = postSolution
		{44CCF2F2-3620-422A-8BDA-8C95B7E29156}.Debug|Any CPU.ActiveCfg = Debug|Any CPU
		{44CCF2F2-3620-422A-8BDA-8C95B7E29156}.Debug|Any CPU.Build.0 = Debug|Any CPU
		{44CCF2F2-3620-422A-8BDA-8C95B7E29156}.Release|Any CPU.ActiveCfg = Release|Any CPU
		{44CCF2F2-3620-422A-8BDA-8C95B7E29156}.Release|Any CPU.Build.0 = Release|Any CPU
	EndGlobalSection
	GlobalSection(SolutionProperties) = preSolution
		HideSolutionNode = FALSE
	EndGlobalSection
	GlobalSection(ExtensibilityGlobals) = postSolution
		SolutionGuid = {A650B5EE-8FFF-4FC6-8030-D53D60DBF7CA}
	EndGlobalSection
EndGlobal
